
Microsoft Visual Studio Solution File, Format Version 12.00
# Visual Studio Version 16
VisualStudioVersion = 16.0.29025.244
MinimumVisualStudioVersion = 10.0.40219.1
Project("{FAE04EC0-301F-11D3-BF4B-00C04F79EFBC}") = "ConsumerServer", "ConsumerServer\ConsumerServer.csproj", "{A5643375-6C58-4724-A2B6-00B0177F6E6A}"
EndProject
Global
	GlobalSection(SolutionConfigurationPlatforms) = preSolution
		Debug|Any CPU = Debug|Any CPU
		Release|Any CPU = Release|Any CPU
	EndGlobalSection
	GlobalSection(ProjectConfigurationPlatforms) = postSolution
		{A5643375-6C58-4724-A2B6-00B0177F6E6A}.Debug|Any CPU.ActiveCfg = Debug|Any CPU
		{A5643375-6C58-4724-A2B6-00B0177F6E6A}.Debug|Any CPU.Build.0 = Debug|Any CPU
		{A5643375-6C58-4724-A2B6-00B0177F6E6A}.Release|Any CPU.ActiveCfg = Release|Any CPU
		{A5643375-6C58-4724-A2B6-00B0177F6E6A}.Release|Any CPU.Build.0 = Release|Any CPU
	EndGlobalSection
	GlobalSection(SolutionProperties) = preSolution
		HideSolutionNode = FALSE
	EndGlobalSection
	GlobalSection(ExtensibilityGlobals) = postSolution
		SolutionGuid = {069926FC-76EE-4E92-8446-498BFF66A1B0}
	EndGlobalSection
EndGlobal
