
Microsoft Visual Studio Solution File, Format Version 12.00
# Visual Studio Version 16
VisualStudioVersion = 16.0.29025.244
MinimumVisualStudioVersion = 10.0.40219.1
Project("{FAE04EC0-301F-11D3-BF4B-00C04F79EFBC}") = "ConsoleProducers", "ConsoleProducers\ConsoleProducers.csproj", "{B757DA3C-2125-4CFF-9240-E7F8003D4D9D}"
EndProject
Global
	GlobalSection(SolutionConfigurationPlatforms) = preSolution
		Debug|Any CPU = Debug|Any CPU
		Release|Any CPU = Release|Any CPU
	EndGlobalSection
	GlobalSection(ProjectConfigurationPlatforms) = postSolution
		{B757DA3C-2125-4CFF-9240-E7F8003D4D9D}.Debug|Any CPU.ActiveCfg = Debug|Any CPU
		{B757DA3C-2125-4CFF-9240-E7F8003D4D9D}.Debug|Any CPU.Build.0 = Debug|Any CPU
		{B757DA3C-2125-4CFF-9240-E7F8003D4D9D}.Release|Any CPU.ActiveCfg = Release|Any CPU
		{B757DA3C-2125-4CFF-9240-E7F8003D4D9D}.Release|Any CPU.Build.0 = Release|Any CPU
	EndGlobalSection
	GlobalSection(SolutionProperties) = preSolution
		HideSolutionNode = FALSE
	EndGlobalSection
	GlobalSection(ExtensibilityGlobals) = postSolution
		SolutionGuid = {1A9BC271-AB23-4885-9E7C-96AE300981F0}
	EndGlobalSection
EndGlobal
